
Microsoft Visual Studio Solution File, Format Version 12.00
# Visual Studio Version 16
VisualStudioVersion = 16.0.30907.101
MinimumVisualStudioVersion = 10.0.40219.1
Project("{FAE04EC0-301F-11D3-BF4B-00C04F79EFBC}") = "MinerClientProgramm", "MinerClientProgramm\MinerClientProgramm.csproj", "{303AED20-1493-4369-9082-E8B6C15403B7}"
EndProject
Global
	GlobalSection(SolutionConfigurationPlatforms) = preSolution
		Debug|Any CPU = Debug|Any CPU
		Release|Any CPU = Release|Any CPU
	EndGlobalSection
	GlobalSection(ProjectConfigurationPlatforms) = postSolution
		{303AED20-1493-4369-9082-E8B6C15403B7}.Debug|Any CPU.ActiveCfg = Debug|Any CPU
		{303AED20-1493-4369-9082-E8B6C15403B7}.Debug|Any CPU.Build.0 = Debug|Any CPU
		{303AED20-1493-4369-9082-E8B6C15403B7}.Release|Any CPU.ActiveCfg = Release|Any CPU
		{303AED20-1493-4369-9082-E8B6C15403B7}.Release|Any CPU.Build.0 = Release|Any CPU
	EndGlobalSection
	GlobalSection(SolutionProperties) = preSolution
		HideSolutionNode = FALSE
	EndGlobalSection
	GlobalSection(ExtensibilityGlobals) = postSolution
		SolutionGuid = {AD139963-7133-4519-A302-4B035BE88A7D}
	EndGlobalSection
EndGlobal
